
Microsoft Visual Studio Solution File, Format Version 12.00
# Visual Studio Version 16
VisualStudioVersion = 16.0.30011.22
MinimumVisualStudioVersion = 10.0.40219.1
Project("{9A19103F-16F7-4668-BE54-9A1E7A4F7556}") = "Toolbox.CLI", "Toolbox.CLI\Toolbox.CLI.csproj", "{6BB9402F-96E2-4C59-8CB9-FF7C079354D8}"
EndProject
Project("{9A19103F-16F7-4668-BE54-9A1E7A4F7556}") = "Toolbox.Core", "Toolbox.Core\Toolbox.Core.csproj", "{A356EE1C-A593-44BC-9BFF-D81161783871}"
EndProject
Project("{9A19103F-16F7-4668-BE54-9A1E7A4F7556}") = "PluginSample", "Toolbox.Core\Samples\PluginSample\PluginSample.csproj", "{DAF819B0-D66E-4488-AD14-8870C03AAC36}"
EndProject
Project("{9A19103F-16F7-4668-BE54-9A1E7A4F7556}") = "CompressionLibrary", "Plugins\CompressionLibrary\CompressionLibrary.csproj", "{F5AC6961-1651-475E-9131-0FEFBAAEC458}"
EndProject
Global
	GlobalSection(SolutionConfigurationPlatforms) = preSolution
		Debug|Any CPU = Debug|Any CPU
		Release|Any CPU = Release|Any CPU
	EndGlobalSection
	GlobalSection(ProjectConfigurationPlatforms) = postSolution
		{6BB9402F-96E2-4C59-8CB9-FF7C079354D8}.Debug|Any CPU.ActiveCfg = Debug|Any CPU
		{6BB9402F-96E2-4C59-8CB9-FF7C079354D8}.Debug|Any CPU.Build.0 = Debug|Any CPU
		{6BB9402F-96E2-4C59-8CB9-FF7C079354D8}.Release|Any CPU.ActiveCfg = Release|Any CPU
		{6BB9402F-96E2-4C59-8CB9-FF7C079354D8}.Release|Any CPU.Build.0 = Release|Any CPU
		{A356EE1C-A593-44BC-9BFF-D81161783871}.Debug|Any CPU.ActiveCfg = Debug|Any CPU
		{A356EE1C-A593-44BC-9BFF-D81161783871}.Debug|Any CPU.Build.0 = Debug|Any CPU
		{A356EE1C-A593-44BC-9BFF-D81161783871}.Release|Any CPU.ActiveCfg = Release|Any CPU
		{A356EE1C-A593-44BC-9BFF-D81161783871}.Release|Any CPU.Build.0 = Release|Any CPU
		{DAF819B0-D66E-4488-AD14-8870C03AAC36}.Debug|Any CPU.ActiveCfg = Debug|Any CPU
		{DAF819B0-D66E-4488-AD14-8870C03AAC36}.Debug|Any CPU.Build.0 = Debug|Any CPU
		{DAF819B0-D66E-4488-AD14-8870C03AAC36}.Release|Any CPU.ActiveCfg = Release|Any CPU
		{DAF819B0-D66E-4488-AD14-8870C03AAC36}.Release|Any CPU.Build.0 = Release|Any CPU
		{F5AC6961-1651-475E-9131-0FEFBAAEC458}.Debug|Any CPU.ActiveCfg = Debug|Any CPU
		{F5AC6961-1651-475E-9131-0FEFBAAEC458}.Debug|Any CPU.Build.0 = Debug|Any CPU
		{F5AC6961-1651-475E-9131-0FEFBAAEC458}.Release|Any CPU.ActiveCfg = Release|Any CPU
		{F5AC6961-1651-475E-9131-0FEFBAAEC458}.Release|Any CPU.Build.0 = Release|Any CPU
	EndGlobalSection
	GlobalSection(SolutionProperties) = preSolution
		HideSolutionNode = FALSE
	EndGlobalSection
	GlobalSection(ExtensibilityGlobals) = postSolution
		SolutionGuid = {D351529D-6653-4AF9-ACD6-218270AC13BC}
	EndGlobalSection
EndGlobal
